// !$*UTF8*$!
{
	archiveVersion = 1;
	classes = {
	};
	objectVersion = 50;
	objects = {

/* Begin PBXBuildFile section */
		323B5759210AB7F300AF403C /* AppDelegate.swift in Sources */ = {isa = PBXBuildFile; fileRef = 323B5758210AB7F300AF403C /* AppDelegate.swift */; };
		323B5760210AB7F800AF403C /* Assets.xcassets in Resources */ = {isa = PBXBuildFile; fileRef = 323B575F210AB7F800AF403C /* Assets.xcassets */; };
		323B576E210AB7F800AF403C /* TPCommonTools_SwiftTests.swift in Sources */ = {isa = PBXBuildFile; fileRef = 323B576D210AB7F800AF403C /* TPCommonTools_SwiftTests.swift */; };
		323B5779210AB7F800AF403C /* TPCommonTools_SwiftUITests.swift in Sources */ = {isa = PBXBuildFile; fileRef = 323B5778210AB7F800AF403C /* TPCommonTools_SwiftUITests.swift */; };
		323B5789210B130B00AF403C /* TPContactManager.swift in Sources */ = {isa = PBXBuildFile; fileRef = 323B5788210B130B00AF403C /* TPContactManager.swift */; };
		323B578C210B13C800AF403C /* TPNavigationController.swift in Sources */ = {isa = PBXBuildFile; fileRef = 323B578B210B13C800AF403C /* TPNavigationController.swift */; };
		323B5792210B15D600AF403C /* TPStartController.swift in Sources */ = {isa = PBXBuildFile; fileRef = 323B5791210B15D600AF403C /* TPStartController.swift */; };
		323B5794210B161600AF403C /* TPViewController.swift in Sources */ = {isa = PBXBuildFile; fileRef = 323B5793210B161600AF403C /* TPViewController.swift */; };
		323B5798210B185100AF403C /* LaunchScreen.storyboard in Resources */ = {isa = PBXBuildFile; fileRef = 323B5797210B185100AF403C /* LaunchScreen.storyboard */; };
		323B579B210B1A1900AF403C /* TPTableViewCell.swift in Sources */ = {isa = PBXBuildFile; fileRef = 323B579A210B1A1900AF403C /* TPTableViewCell.swift */; };
		323B579D210B1A2B00AF403C /* TPCollectionViewCell.swift in Sources */ = {isa = PBXBuildFile; fileRef = 323B579C210B1A2B00AF403C /* TPCollectionViewCell.swift */; };
		323B579F210B1CFC00AF403C /* TPAriport.swift in Sources */ = {isa = PBXBuildFile; fileRef = 323B579E210B1CFC00AF403C /* TPAriport.swift */; };
		323B57A3210B1FDD00AF403C /* TPContactController.swift in Sources */ = {isa = PBXBuildFile; fileRef = 323B57A1210B1FDD00AF403C /* TPContactController.swift */; };
		323B57A4210B1FDD00AF403C /* TPContactController.xib in Resources */ = {isa = PBXBuildFile; fileRef = 323B57A2210B1FDD00AF403C /* TPContactController.xib */; };
		323B57A6210DA60200AF403C /* TPContactModel.swift in Sources */ = {isa = PBXBuildFile; fileRef = 323B57A5210DA60200AF403C /* TPContactModel.swift */; };
		323B57AA210EA41400AF403C /* TPFilePreviewController.swift in Sources */ = {isa = PBXBuildFile; fileRef = 323B57A8210EA41400AF403C /* TPFilePreviewController.swift */; };
		323B57AB210EA41400AF403C /* TPFilePreviewController.xib in Resources */ = {isa = PBXBuildFile; fileRef = 323B57A9210EA41400AF403C /* TPFilePreviewController.xib */; };
		323B57AD210EA56E00AF403C /* test.pdf in Resources */ = {isa = PBXBuildFile; fileRef = 323B57AC210EA56E00AF403C /* test.pdf */; };
		323B57AF210EB31900AF403C /* test.docx in Resources */ = {isa = PBXBuildFile; fileRef = 323B57AE210EB31900AF403C /* test.docx */; };
		323B57B1210EB39300AF403C /* test.png in Resources */ = {isa = PBXBuildFile; fileRef = 323B57B0210EB39300AF403C /* test.png */; };
		323B57B3210EBB9300AF403C /* TPFilePreviewManager.swift in Sources */ = {isa = PBXBuildFile; fileRef = 323B57B2210EBB9300AF403C /* TPFilePreviewManager.swift */; };
/* End PBXBuildFile section */

/* Begin PBXContainerItemProxy section */
		323B576A210AB7F800AF403C /* PBXContainerItemProxy */ = {
			isa = PBXContainerItemProxy;
			containerPortal = 323B574D210AB7F300AF403C /* Project object */;
			proxyType = 1;
			remoteGlobalIDString = 323B5754210AB7F300AF403C;
			remoteInfo = "TPCommonTools-Swift";
		};
		323B5775210AB7F800AF403C /* PBXContainerItemProxy */ = {
			isa = PBXContainerItemProxy;
			containerPortal = 323B574D210AB7F300AF403C /* Project object */;
			proxyType = 1;
			remoteGlobalIDString = 323B5754210AB7F300AF403C;
			remoteInfo = "TPCommonTools-Swift";
		};
/* End PBXContainerItemProxy section */

/* Begin PBXFileReference section */
		323B5755210AB7F300AF403C /* TPCommonTools-Swift.app */ = {isa = PBXFileReference; explicitFileType = wrapper.application; includeInIndex = 0; path = "TPCommonTools-Swift.app"; sourceTree = BUILT_PRODUCTS_DIR; };
		323B5758210AB7F300AF403C /* AppDelegate.swift */ = {isa = PBXFileReference; lastKnownFileType = sourcecode.swift; path = AppDelegate.swift; sourceTree = "<group>"; };
		323B575F210AB7F800AF403C /* Assets.xcassets */ = {isa = PBXFileReference; lastKnownFileType = folder.assetcatalog; path = Assets.xcassets; sourceTree = "<group>"; };
		323B5764210AB7F800AF403C /* Info.plist */ = {isa = PBXFileReference; lastKnownFileType = text.plist.xml; path = Info.plist; sourceTree = "<group>"; };
		323B5769210AB7F800AF403C /* TPCommonTools-SwiftTests.xctest */ = {isa = PBXFileReference; explicitFileType = wrapper.cfbundle; includeInIndex = 0; path = "TPCommonTools-SwiftTests.xctest"; sourceTree = BUILT_PRODUCTS_DIR; };
		323B576D210AB7F800AF403C /* TPCommonTools_SwiftTests.swift */ = {isa = PBXFileReference; lastKnownFileType = sourcecode.swift; path = TPCommonTools_SwiftTests.swift; sourceTree = "<group>"; };
		323B576F210AB7F800AF403C /* Info.plist */ = {isa = PBXFileReference; lastKnownFileType = text.plist.xml; path = Info.plist; sourceTree = "<group>"; };
		323B5774210AB7F800AF403C /* TPCommonTools-SwiftUITests.xctest */ = {isa = PBXFileReference; explicitFileType = wrapper.cfbundle; includeInIndex = 0; path = "TPCommonTools-SwiftUITests.xctest"; sourceTree = BUILT_PRODUCTS_DIR; };
		323B5778210AB7F800AF403C /* TPCommonTools_SwiftUITests.swift */ = {isa = PBXFileReference; lastKnownFileType = sourcecode.swift; path = TPCommonTools_SwiftUITests.swift; sourceTree = "<group>"; };
		323B577A210AB7F800AF403C /* Info.plist */ = {isa = PBXFileReference; lastKnownFileType = text.plist.xml; path = Info.plist; sourceTree = "<group>"; };
		323B5788210B130B00AF403C /* TPContactManager.swift */ = {isa = PBXFileReference; lastKnownFileType = sourcecode.swift; path = TPContactManager.swift; sourceTree = "<group>"; };
		323B578B210B13C800AF403C /* TPNavigationController.swift */ = {isa = PBXFileReference; lastKnownFileType = sourcecode.swift; path = TPNavigationController.swift; sourceTree = "<group>"; };
		323B5791210B15D600AF403C /* TPStartController.swift */ = {isa = PBXFileReference; lastKnownFileType = sourcecode.swift; path = TPStartController.swift; sourceTree = "<group>"; };
		323B5793210B161600AF403C /* TPViewController.swift */ = {isa = PBXFileReference; lastKnownFileType = sourcecode.swift; path = TPViewController.swift; sourceTree = "<group>"; };
		323B5797210B185100AF403C /* LaunchScreen.storyboard */ = {isa = PBXFileReference; lastKnownFileType = file.storyboard; path = LaunchScreen.storyboard; sourceTree = "<group>"; };
		323B579A210B1A1900AF403C /* TPTableViewCell.swift */ = {isa = PBXFileReference; lastKnownFileType = sourcecode.swift; path = TPTableViewCell.swift; sourceTree = "<group>"; };
		323B579C210B1A2B00AF403C /* TPCollectionViewCell.swift */ = {isa = PBXFileReference; lastKnownFileType = sourcecode.swift; path = TPCollectionViewCell.swift; sourceTree = "<group>"; };
		323B579E210B1CFC00AF403C /* TPAriport.swift */ = {isa = PBXFileReference; lastKnownFileType = sourcecode.swift; path = TPAriport.swift; sourceTree = "<group>"; };
		323B57A1210B1FDD00AF403C /* TPContactController.swift */ = {isa = PBXFileReference; lastKnownFileType = sourcecode.swift; path = TPContactController.swift; sourceTree = "<group>"; };
		323B57A2210B1FDD00AF403C /* TPContactController.xib */ = {isa = PBXFileReference; lastKnownFileType = file.xib; path = TPContactController.xib; sourceTree = "<group>"; };
		323B57A5210DA60200AF403C /* TPContactModel.swift */ = {isa = PBXFileReference; lastKnownFileType = sourcecode.swift; path = TPContactModel.swift; sourceTree = "<group>"; };
		323B57A8210EA41400AF403C /* TPFilePreviewController.swift */ = {isa = PBXFileReference; lastKnownFileType = sourcecode.swift; path = TPFilePreviewController.swift; sourceTree = "<group>"; };
		323B57A9210EA41400AF403C /* TPFilePreviewController.xib */ = {isa = PBXFileReference; lastKnownFileType = file.xib; path = TPFilePreviewController.xib; sourceTree = "<group>"; };
		323B57AC210EA56E00AF403C /* test.pdf */ = {isa = PBXFileReference; lastKnownFileType = image.pdf; path = test.pdf; sourceTree = "<group>"; };
		323B57AE210EB31900AF403C /* test.docx */ = {isa = PBXFileReference; lastKnownFileType = file; path = test.docx; sourceTree = "<group>"; };
		323B57B0210EB39300AF403C /* test.png */ = {isa = PBXFileReference; lastKnownFileType = image.png; path = test.png; sourceTree = "<group>"; };
		323B57B2210EBB9300AF403C /* TPFilePreviewManager.swift */ = {isa = PBXFileReference; lastKnownFileType = sourcecode.swift; path = TPFilePreviewManager.swift; sourceTree = "<group>"; };
/* End PBXFileReference section */

/* Begin PBXFrameworksBuildPhase section */
		323B5752210AB7F300AF403C /* Frameworks */ = {
			isa = PBXFrameworksBuildPhase;
			buildActionMask = 2147483647;
			files = (
			);
			runOnlyForDeploymentPostprocessing = 0;
		};
		323B5766210AB7F800AF403C /* Frameworks */ = {
			isa = PBXFrameworksBuildPhase;
			buildActionMask = 2147483647;
			files = (
			);
			runOnlyForDeploymentPostprocessing = 0;
		};
		323B5771210AB7F800AF403C /* Frameworks */ = {
			isa = PBXFrameworksBuildPhase;
			buildActionMask = 2147483647;
			files = (
			);
			runOnlyForDeploymentPostprocessing = 0;
		};
/* End PBXFrameworksBuildPhase section */

/* Begin PBXGroup section */
		323B574C210AB7F300AF403C = {
			isa = PBXGroup;
			children = (
				323B5757210AB7F300AF403C /* TPCommonTools-Swift */,
				323B576C210AB7F800AF403C /* TPCommonTools-SwiftTests */,
				323B5777210AB7F800AF403C /* TPCommonTools-SwiftUITests */,
				323B5756210AB7F300AF403C /* Products */,
			);
			sourceTree = "<group>";
		};
		323B5756210AB7F300AF403C /* Products */ = {
			isa = PBXGroup;
			children = (
				323B5755210AB7F300AF403C /* TPCommonTools-Swift.app */,
				323B5769210AB7F800AF403C /* TPCommonTools-SwiftTests.xctest */,
				323B5774210AB7F800AF403C /* TPCommonTools-SwiftUITests.xctest */,
			);
			name = Products;
			sourceTree = "<group>";
		};
		323B5757210AB7F300AF403C /* TPCommonTools-Swift */ = {
			isa = PBXGroup;
			children = (
				323B578D210B13D900AF403C /* Core */,
				323B5795210B164A00AF403C /* General */,
				323B578E210B13E300AF403C /* Resource */,
				323B578F210B13FA00AF403C /* SupportingFiles */,
			);
			path = "TPCommonTools-Swift";
			sourceTree = "<group>";
		};
		323B576C210AB7F800AF403C /* TPCommonTools-SwiftTests */ = {
			isa = PBXGroup;
			children = (
				323B576D210AB7F800AF403C /* TPCommonTools_SwiftTests.swift */,
				323B576F210AB7F800AF403C /* Info.plist */,
			);
			path = "TPCommonTools-SwiftTests";
			sourceTree = "<group>";
		};
		323B5777210AB7F800AF403C /* TPCommonTools-SwiftUITests */ = {
			isa = PBXGroup;
			children = (
				323B5778210AB7F800AF403C /* TPCommonTools_SwiftUITests.swift */,
				323B577A210AB7F800AF403C /* Info.plist */,
			);
			path = "TPCommonTools-SwiftUITests";
			sourceTree = "<group>";
		};
		323B5786210B11A400AF403C /* Contact */ = {
			isa = PBXGroup;
			children = (
				323B57A1210B1FDD00AF403C /* TPContactController.swift */,
				323B57A2210B1FDD00AF403C /* TPContactController.xib */,
				323B5787210B11BA00AF403C /* TPContactManager */,
			);
			path = Contact;
			sourceTree = "<group>";
		};
		323B5787210B11BA00AF403C /* TPContactManager */ = {
			isa = PBXGroup;
			children = (
				323B5788210B130B00AF403C /* TPContactManager.swift */,
				323B57A5210DA60200AF403C /* TPContactModel.swift */,
			);
			path = TPContactManager;
			sourceTree = "<group>";
		};
		323B578D210B13D900AF403C /* Core */ = {
			isa = PBXGroup;
			children = (
				323B5786210B11A400AF403C /* Contact */,
				323B57A7210EA38500AF403C /* FilePreview */,
				323B5790210B156500AF403C /* Start */,
			);
			path = Core;
			sourceTree = "<group>";
		};
		323B578E210B13E300AF403C /* Resource */ = {
			isa = PBXGroup;
			children = (
				323B57B0210EB39300AF403C /* test.png */,
				323B57AE210EB31900AF403C /* test.docx */,
				323B57AC210EA56E00AF403C /* test.pdf */,
			);
			path = Resource;
			sourceTree = "<group>";
		};
		323B578F210B13FA00AF403C /* SupportingFiles */ = {
			isa = PBXGroup;
			children = (
				323B575F210AB7F800AF403C /* Assets.xcassets */,
				323B5764210AB7F800AF403C /* Info.plist */,
			);
			path = SupportingFiles;
			sourceTree = "<group>";
		};
		323B5790210B156500AF403C /* Start */ = {
			isa = PBXGroup;
			children = (
				323B5758210AB7F300AF403C /* AppDelegate.swift */,
				323B5791210B15D600AF403C /* TPStartController.swift */,
				323B5797210B185100AF403C /* LaunchScreen.storyboard */,
			);
			path = Start;
			sourceTree = "<group>";
		};
		323B5795210B164A00AF403C /* General */ = {
			isa = PBXGroup;
			children = (
				323B57A0210B1D0200AF403C /* Hepler */,
				323B5799210B19F700AF403C /* BaseView */,
				323B5796210B166B00AF403C /* BaseController */,
			);
			path = General;
			sourceTree = "<group>";
		};
		323B5796210B166B00AF403C /* BaseController */ = {
			isa = PBXGroup;
			children = (
				323B578B210B13C800AF403C /* TPNavigationController.swift */,
				323B5793210B161600AF403C /* TPViewController.swift */,
			);
			path = BaseController;
			sourceTree = "<group>";
		};
		323B5799210B19F700AF403C /* BaseView */ = {
			isa = PBXGroup;
			children = (
				323B579A210B1A1900AF403C /* TPTableViewCell.swift */,
				323B579C210B1A2B00AF403C /* TPCollectionViewCell.swift */,
			);
			path = BaseView;
			sourceTree = "<group>";
		};
		323B57A0210B1D0200AF403C /* Hepler */ = {
			isa = PBXGroup;
			children = (
				323B579E210B1CFC00AF403C /* TPAriport.swift */,
			);
			path = Hepler;
			sourceTree = "<group>";
		};
		323B57A7210EA38500AF403C /* FilePreview */ = {
			isa = PBXGroup;
			children = (
				323B57A8210EA41400AF403C /* TPFilePreviewController.swift */,
				323B57A9210EA41400AF403C /* TPFilePreviewController.xib */,
				323B57B4210EC33900AF403C /* TPFilePreviewManager */,
			);
			path = FilePreview;
			sourceTree = "<group>";
		};
		323B57B4210EC33900AF403C /* TPFilePreviewManager */ = {
			isa = PBXGroup;
			children = (
				323B57B2210EBB9300AF403C /* TPFilePreviewManager.swift */,
			);
			path = TPFilePreviewManager;
			sourceTree = "<group>";
		};
/* End PBXGroup section */

/* Begin PBXNativeTarget section */
		323B5754210AB7F300AF403C /* TPCommonTools-Swift */ = {
			isa = PBXNativeTarget;
			buildConfigurationList = 323B577D210AB7F800AF403C /* Build configuration list for PBXNativeTarget "TPCommonTools-Swift" */;
			buildPhases = (
				323B5751210AB7F300AF403C /* Sources */,
				323B5752210AB7F300AF403C /* Frameworks */,
				323B5753210AB7F300AF403C /* Resources */,
			);
			buildRules = (
			);
			dependencies = (
			);
			name = "TPCommonTools-Swift";
			productName = "TPCommonTools-Swift";
			productReference = 323B5755210AB7F300AF403C /* TPCommonTools-Swift.app */;
			productType = "com.apple.product-type.application";
		};
		323B5768210AB7F800AF403C /* TPCommonTools-SwiftTests */ = {
			isa = PBXNativeTarget;
			buildConfigurationList = 323B5780210AB7F800AF403C /* Build configuration list for PBXNativeTarget "TPCommonTools-SwiftTests" */;
			buildPhases = (
				323B5765210AB7F800AF403C /* Sources */,
				323B5766210AB7F800AF403C /* Frameworks */,
				323B5767210AB7F800AF403C /* Resources */,
			);
			buildRules = (
			);
			dependencies = (
				323B576B210AB7F800AF403C /* PBXTargetDependency */,
			);
			name = "TPCommonTools-SwiftTests";
			productName = "TPCommonTools-SwiftTests";
			productReference = 323B5769210AB7F800AF403C /* TPCommonTools-SwiftTests.xctest */;
			productType = "com.apple.product-type.bundle.unit-test";
		};
		323B5773210AB7F800AF403C /* TPCommonTools-SwiftUITests */ = {
			isa = PBXNativeTarget;
			buildConfigurationList = 323B5783210AB7F800AF403C /* Build configuration list for PBXNativeTarget "TPCommonTools-SwiftUITests" */;
			buildPhases = (
				323B5770210AB7F800AF403C /* Sources */,
				323B5771210AB7F800AF403C /* Frameworks */,
				323B5772210AB7F800AF403C /* Resources */,
			);
			buildRules = (
			);
			dependencies = (
				323B5776210AB7F800AF403C /* PBXTargetDependency */,
			);
			name = "TPCommonTools-SwiftUITests";
			productName = "TPCommonTools-SwiftUITests";
			productReference = 323B5774210AB7F800AF403C /* TPCommonTools-SwiftUITests.xctest */;
			productType = "com.apple.product-type.bundle.ui-testing";
		};
/* End PBXNativeTarget section */

/* Begin PBXProject section */
		323B574D210AB7F300AF403C /* Project object */ = {
			isa = PBXProject;
			attributes = {
				LastSwiftUpdateCheck = 0940;
				LastUpgradeCheck = 0940;
				ORGANIZATIONNAME = perfectcjh;
				TargetAttributes = {
					323B5754210AB7F300AF403C = {
						CreatedOnToolsVersion = 9.4.1;
					};
					323B5768210AB7F800AF403C = {
						CreatedOnToolsVersion = 9.4.1;
						TestTargetID = 323B5754210AB7F300AF403C;
					};
					323B5773210AB7F800AF403C = {
						CreatedOnToolsVersion = 9.4.1;
						TestTargetID = 323B5754210AB7F300AF403C;
					};
				};
			};
			buildConfigurationList = 323B5750210AB7F300AF403C /* Build configuration list for PBXProject "TPCommonTools-Swift" */;
			compatibilityVersion = "Xcode 9.3";
			developmentRegion = en;
			hasScannedForEncodings = 0;
			knownRegions = (
				en,
				Base,
			);
			mainGroup = 323B574C210AB7F300AF403C;
			productRefGroup = 323B5756210AB7F300AF403C /* Products */;
			projectDirPath = "";
			projectRoot = "";
			targets = (
				323B5754210AB7F300AF403C /* TPCommonTools-Swift */,
				323B5768210AB7F800AF403C /* TPCommonTools-SwiftTests */,
				323B5773210AB7F800AF403C /* TPCommonTools-SwiftUITests */,
			);
		};
/* End PBXProject section */

/* Begin PBXResourcesBuildPhase section */
		323B5753210AB7F300AF403C /* Resources */ = {
			isa = PBXResourcesBuildPhase;
			buildActionMask = 2147483647;
			files = (
				323B57B1210EB39300AF403C /* test.png in Resources */,
				323B5798210B185100AF403C /* LaunchScreen.storyboard in Resources */,
				323B5760210AB7F800AF403C /* Assets.xcassets in Resources */,
				323B57AB210EA41400AF403C /* TPFilePreviewController.xib in Resources */,
				323B57A4210B1FDD00AF403C /* TPContactController.xib in Resources */,
				323B57AD210EA56E00AF403C /* test.pdf in Resources */,
				323B57AF210EB31900AF403C /* test.docx in Resources */,
			);
			runOnlyForDeploymentPostprocessing = 0;
		};
		323B5767210AB7F800AF403C /* Resources */ = {
			isa = PBXResourcesBuildPhase;
			buildActionMask = 2147483647;
			files = (
			);
			runOnlyForDeploymentPostprocessing = 0;
		};
		323B5772210AB7F800AF403C /* Resources */ = {
			isa = PBXResourcesBuildPhase;
			buildActionMask = 2147483647;
			files = (
			);
			runOnlyForDeploymentPostprocessing = 0;
		};
/* End PBXResourcesBuildPhase section */

/* Begin PBXSourcesBuildPhase section */
		323B5751210AB7F300AF403C /* Sources */ = {
			isa = PBXSourcesBuildPhase;
			buildActionMask = 2147483647;
			files = (
				323B5792210B15D600AF403C /* TPStartController.swift in Sources */,
				323B579B210B1A1900AF403C /* TPTableViewCell.swift in Sources */,
				323B5789210B130B00AF403C /* TPContactManager.swift in Sources */,
				323B5759210AB7F300AF403C /* AppDelegate.swift in Sources */,
				323B57A6210DA60200AF403C /* TPContactModel.swift in Sources */,
				323B578C210B13C800AF403C /* TPNavigationController.swift in Sources */,
				323B57B3210EBB9300AF403C /* TPFilePreviewManager.swift in Sources */,
				323B57A3210B1FDD00AF403C /* TPContactController.swift in Sources */,
				323B57AA210EA41400AF403C /* TPFilePreviewController.swift in Sources */,
				323B5794210B161600AF403C /* TPViewController.swift in Sources */,
				323B579D210B1A2B00AF403C /* TPCollectionViewCell.swift in Sources */,
				323B579F210B1CFC00AF403C /* TPAriport.swift in Sources */,
			);
			runOnlyForDeploymentPostprocessing = 0;
		};
		323B5765210AB7F800AF403C /* Sources */ = {
			isa = PBXSourcesBuildPhase;
			buildActionMask = 2147483647;
			files = (
				323B576E210AB7F800AF403C /* TPCommonTools_SwiftTests.swift in Sources */,
			);
			runOnlyForDeploymentPostprocessing = 0;
		};
		323B5770210AB7F800AF403C /* Sources */ = {
			isa = PBXSourcesBuildPhase;
			buildActionMask = 2147483647;
			files = (
				323B5779210AB7F800AF403C /* TPCommonTools_SwiftUITests.swift in Sources */,
			);
			runOnlyForDeploymentPostprocessing = 0;
		};
/* End PBXSourcesBuildPhase section */

/* Begin PBXTargetDependency section */
		323B576B210AB7F800AF403C /* PBXTargetDependency */ = {
			isa = PBXTargetDependency;
			target = 323B5754210AB7F300AF403C /* TPCommonTools-Swift */;
			targetProxy = 323B576A210AB7F800AF403C /* PBXContainerItemProxy */;
		};
		323B5776210AB7F800AF403C /* PBXTargetDependency */ = {
			isa = PBXTargetDependency;
			target = 323B5754210AB7F300AF403C /* TPCommonTools-Swift */;
			targetProxy = 323B5775210AB7F800AF403C /* PBXContainerItemProxy */;
		};
/* End PBXTargetDependency section */

/* Begin XCBuildConfiguration section */
		323B577B210AB7F800AF403C /* Debug */ = {
			isa = XCBuildConfiguration;
			buildSettings = {
				ALWAYS_SEARCH_USER_PATHS = NO;
				CLANG_ANALYZER_NONNULL = YES;
				CLANG_ANALYZER_NUMBER_OBJECT_CONVERSION = YES_AGGRESSIVE;
				CLANG_CXX_LANGUAGE_STANDARD = "gnu++14";
				CLANG_CXX_LIBRARY = "libc++";
				CLANG_ENABLE_MODULES = YES;
				CLANG_ENABLE_OBJC_ARC = YES;
				CLANG_ENABLE_OBJC_WEAK = YES;
				CLANG_WARN_BLOCK_CAPTURE_AUTORELEASING = YES;
				CLANG_WARN_BOOL_CONVERSION = YES;
				CLANG_WARN_COMMA = YES;
				CLANG_WARN_CONSTANT_CONVERSION = YES;
				CLANG_WARN_DEPRECATED_OBJC_IMPLEMENTATIONS = YES;
				CLANG_WARN_DIRECT_OBJC_ISA_USAGE = YES_ERROR;
				CLANG_WARN_DOCUMENTATION_COMMENTS = YES;
				CLANG_WARN_EMPTY_BODY = YES;
				CLANG_WARN_ENUM_CONVERSION = YES;
				CLANG_WARN_INFINITE_RECURSION = YES;
				CLANG_WARN_INT_CONVERSION = YES;
				CLANG_WARN_NON_LITERAL_NULL_CONVERSION = YES;
				CLANG_WARN_OBJC_IMPLICIT_RETAIN_SELF = YES;
				CLANG_WARN_OBJC_LITERAL_CONVERSION = YES;
				CLANG_WARN_OBJC_ROOT_CLASS = YES_ERROR;
				CLANG_WARN_RANGE_LOOP_ANALYSIS = YES;
				CLANG_WARN_STRICT_PROTOTYPES = YES;
				CLANG_WARN_SUSPICIOUS_MOVE = YES;
				CLANG_WARN_UNGUARDED_AVAILABILITY = YES_AGGRESSIVE;
				CLANG_WARN_UNREACHABLE_CODE = YES;
				CLANG_WARN__DUPLICATE_METHOD_MATCH = YES;
				CODE_SIGN_IDENTITY = "iPhone Developer";
				COPY_PHASE_STRIP = NO;
				DEBUG_INFORMATION_FORMAT = dwarf;
				ENABLE_STRICT_OBJC_MSGSEND = YES;
				ENABLE_TESTABILITY = YES;
				GCC_C_LANGUAGE_STANDARD = gnu11;
				GCC_DYNAMIC_NO_PIC = NO;
				GCC_NO_COMMON_BLOCKS = YES;
				GCC_OPTIMIZATION_LEVEL = 0;
				GCC_PREPROCESSOR_DEFINITIONS = (
					"DEBUG=1",
					"$(inherited)",
				);
				GCC_WARN_64_TO_32_BIT_CONVERSION = YES;
				GCC_WARN_ABOUT_RETURN_TYPE = YES_ERROR;
				GCC_WARN_UNDECLARED_SELECTOR = YES;
				GCC_WARN_UNINITIALIZED_AUTOS = YES_AGGRESSIVE;
				GCC_WARN_UNUSED_FUNCTION = YES;
				GCC_WARN_UNUSED_VARIABLE = YES;
				IPHONEOS_DEPLOYMENT_TARGET = 11.4;
				MTL_ENABLE_DEBUG_INFO = YES;
				ONLY_ACTIVE_ARCH = YES;
				SDKROOT = iphoneos;
				SWIFT_ACTIVE_COMPILATION_CONDITIONS = DEBUG;
				SWIFT_OPTIMIZATION_LEVEL = "-Onone";
			};
			name = Debug;
		};
		323B577C210AB7F800AF403C /* Release */ = {
			isa = XCBuildConfiguration;
			buildSettings = {
				ALWAYS_SEARCH_USER_PATHS = NO;
				CLANG_ANALYZER_NONNULL = YES;
				CLANG_ANALYZER_NUMBER_OBJECT_CONVERSION = YES_AGGRESSIVE;
				CLANG_CXX_LANGUAGE_STANDARD = "gnu++14";
				CLANG_CXX_LIBRARY = "libc++";
				CLANG_ENABLE_MODULES = YES;
				CLANG_ENABLE_OBJC_ARC = YES;
				CLANG_ENABLE_OBJC_WEAK = YES;
				CLANG_WARN_BLOCK_CAPTURE_AUTORELEASING = YES;
				CLANG_WARN_BOOL_CONVERSION = YES;
				CLANG_WARN_COMMA = YES;
				CLANG_WARN_CONSTANT_CONVERSION = YES;
				CLANG_WARN_DEPRECATED_OBJC_IMPLEMENTATIONS = YES;
				CLANG_WARN_DIRECT_OBJC_ISA_USAGE = YES_ERROR;
				CLANG_WARN_DOCUMENTATION_COMMENTS = YES;
				CLANG_WARN_EMPTY_BODY = YES;
				CLANG_WARN_ENUM_CONVERSION = YES;
				CLANG_WARN_INFINITE_RECURSION = YES;
				CLANG_WARN_INT_CONVERSION = YES;
				CLANG_WARN_NON_LITERAL_NULL_CONVERSION = YES;
				CLANG_WARN_OBJC_IMPLICIT_RETAIN_SELF = YES;
				CLANG_WARN_OBJC_LITERAL_CONVERSION = YES;
				CLANG_WARN_OBJC_ROOT_CLASS = YES_ERROR;
				CLANG_WARN_RANGE_LOOP_ANALYSIS = YES;
				CLANG_WARN_STRICT_PROTOTYPES = YES;
				CLANG_WARN_SUSPICIOUS_MOVE = YES;
				CLANG_WARN_UNGUARDED_AVAILABILITY = YES_AGGRESSIVE;
				CLANG_WARN_UNREACHABLE_CODE = YES;
				CLANG_WARN__DUPLICATE_METHOD_MATCH = YES;
				CODE_SIGN_IDENTITY = "iPhone Developer";
				COPY_PHASE_STRIP = NO;
				DEBUG_INFORMATION_FORMAT = "dwarf-with-dsym";
				ENABLE_NS_ASSERTIONS = NO;
				ENABLE_STRICT_OBJC_MSGSEND = YES;
				GCC_C_LANGUAGE_STANDARD = gnu11;
				GCC_NO_COMMON_BLOCKS = YES;
				GCC_WARN_64_TO_32_BIT_CONVERSION = YES;
				GCC_WARN_ABOUT_RETURN_TYPE = YES_ERROR;
				GCC_WARN_UNDECLARED_SELECTOR = YES;
				GCC_WARN_UNINITIALIZED_AUTOS = YES_AGGRESSIVE;
				GCC_WARN_UNUSED_FUNCTION = YES;
				GCC_WARN_UNUSED_VARIABLE = YES;
				IPHONEOS_DEPLOYMENT_TARGET = 11.4;
				MTL_ENABLE_DEBUG_INFO = NO;
				SDKROOT = iphoneos;
				SWIFT_COMPILATION_MODE = wholemodule;
				SWIFT_OPTIMIZATION_LEVEL = "-O";
				VALIDATE_PRODUCT = YES;
			};
			name = Release;
		};
		323B577E210AB7F800AF403C /* Debug */ = {
			isa = XCBuildConfiguration;
			buildSettings = {
				ASSETCATALOG_COMPILER_APPICON_NAME = AppIcon;
				CODE_SIGN_STYLE = Automatic;
				DEVELOPMENT_TEAM = 753B3ACW59;
				INFOPLIST_FILE = "$(SRCROOT)/TPCommonTools-Swift/SupportingFiles/Info.plist";
				IPHONEOS_DEPLOYMENT_TARGET = 9.0;
				LD_RUNPATH_SEARCH_PATHS = (
					"$(inherited)",
					"@executable_path/Frameworks",
				);
				PRODUCT_BUNDLE_IDENTIFIER = "perfectcjh.TPCommonTools-Swift";
				PRODUCT_NAME = "$(TARGET_NAME)";
				SWIFT_VERSION = 4.0;
				TARGETED_DEVICE_FAMILY = "1,2";
			};
			name = Debug;
		};
		323B577F210AB7F800AF403C /* Release */ = {
			isa = XCBuildConfiguration;
			buildSettings = {
				ASSETCATALOG_COMPILER_APPICON_NAME = AppIcon;
				CODE_SIGN_STYLE = Automatic;
				DEVELOPMENT_TEAM = 753B3ACW59;
				INFOPLIST_FILE = "$(SRCROOT)/TPCommonTools-Swift/SupportingFiles/Info.plist";
				IPHONEOS_DEPLOYMENT_TARGET = 9.0;
				LD_RUNPATH_SEARCH_PATHS = (
					"$(inherited)",
					"@executable_path/Frameworks",
				);
				PRODUCT_BUNDLE_IDENTIFIER = "perfectcjh.TPCommonTools-Swift";
				PRODUCT_NAME = "$(TARGET_NAME)";
				SWIFT_VERSION = 4.0;
				TARGETED_DEVICE_FAMILY = "1,2";
			};
			name = Release;
		};
		323B5781210AB7F800AF403C /* Debug */ = {
			isa = XCBuildConfiguration;
			buildSettings = {
				ALWAYS_EMBED_SWIFT_STANDARD_LIBRARIES = YES;
				BUNDLE_LOADER = "$(TEST_HOST)";
				CODE_SIGN_STYLE = Automatic;
				DEVELOPMENT_TEAM = 753B3ACW59;
				INFOPLIST_FILE = "TPCommonTools-SwiftTests/Info.plist";
				LD_RUNPATH_SEARCH_PATHS = (
					"$(inherited)",
					"@executable_path/Frameworks",
					"@loader_path/Frameworks",
				);
				PRODUCT_BUNDLE_IDENTIFIER = "perfectcjh.TPCommonTools-SwiftTests";
				PRODUCT_NAME = "$(TARGET_NAME)";
				SWIFT_VERSION = 4.0;
				TARGETED_DEVICE_FAMILY = "1,2";
				TEST_HOST = "$(BUILT_PRODUCTS_DIR)/TPCommonTools-Swift.app/TPCommonTools-Swift";
			};
			name = Debug;
		};
		323B5782210AB7F800AF403C /* Release */ = {
			isa = XCBuildConfiguration;
			buildSettings = {
				ALWAYS_EMBED_SWIFT_STANDARD_LIBRARIES = YES;
				BUNDLE_LOADER = "$(TEST_HOST)";
				CODE_SIGN_STYLE = Automatic;
				DEVELOPMENT_TEAM = 753B3ACW59;
				INFOPLIST_FILE = "TPCommonTools-SwiftTests/Info.plist";
				LD_RUNPATH_SEARCH_PATHS = (
					"$(inherited)",
					"@executable_path/Frameworks",
					"@loader_path/Frameworks",
				);
				PRODUCT_BUNDLE_IDENTIFIER = "perfectcjh.TPCommonTools-SwiftTests";
				PRODUCT_NAME = "$(TARGET_NAME)";
				SWIFT_VERSION = 4.0;
				TARGETED_DEVICE_FAMILY = "1,2";
				TEST_HOST = "$(BUILT_PRODUCTS_DIR)/TPCommonTools-Swift.app/TPCommonTools-Swift";
			};
			name = Release;
		};
		323B5784210AB7F800AF403C /* Debug */ = {
			isa = XCBuildConfiguration;
			buildSettings = {
				ALWAYS_EMBED_SWIFT_STANDARD_LIBRARIES = YES;
				CODE_SIGN_STYLE = Automatic;
				DEVELOPMENT_TEAM = 753B3ACW59;
				INFOPLIST_FILE = "TPCommonTools-SwiftUITests/Info.plist";
				LD_RUNPATH_SEARCH_PATHS = (
					"$(inherited)",
					"@executable_path/Frameworks",
					"@loader_path/Frameworks",
				);
				PRODUCT_BUNDLE_IDENTIFIER = "perfectcjh.TPCommonTools-SwiftUITests";
				PRODUCT_NAME = "$(TARGET_NAME)";
				SWIFT_VERSION = 4.0;
				TARGETED_DEVICE_FAMILY = "1,2";
				TEST_TARGET_NAME = "TPCommonTools-Swift";
			};
			name = Debug;
		};
		323B5785210AB7F800AF403C /* Release */ = {
			isa = XCBuildConfiguration;
			buildSettings = {
				ALWAYS_EMBED_SWIFT_STANDARD_LIBRARIES = YES;
				CODE_SIGN_STYLE = Automatic;
				DEVELOPMENT_TEAM = 753B3ACW59;
				INFOPLIST_FILE = "TPCommonTools-SwiftUITests/Info.plist";
				LD_RUNPATH_SEARCH_PATHS = (
					"$(inherited)",
					"@executable_path/Frameworks",
					"@loader_path/Frameworks",
				);
				PRODUCT_BUNDLE_IDENTIFIER = "perfectcjh.TPCommonTools-SwiftUITests";
				PRODUCT_NAME = "$(TARGET_NAME)";
				SWIFT_VERSION = 4.0;
				TARGETED_DEVICE_FAMILY = "1,2";
				TEST_TARGET_NAME = "TPCommonTools-Swift";
			};
			name = Release;
		};
/* End XCBuildConfiguration section */

/* Begin XCConfigurationList section */
		323B5750210AB7F300AF403C /* Build configuration list for PBXProject "TPCommonTools-Swift" */ = {
			isa = XCConfigurationList;
			buildConfigurations = (
				323B577B210AB7F800AF403C /* Debug */,
				323B577C210AB7F800AF403C /* Release */,
			);
			defaultConfigurationIsVisible = 0;
			defaultConfigurationName = Release;
		};
		323B577D210AB7F800AF403C /* Build configuration list for PBXNativeTarget "TPCommonTools-Swift" */ = {
			isa = XCConfigurationList;
			buildConfigurations = (
				323B577E210AB7F800AF403C /* Debug */,
				323B577F210AB7F800AF403C /* Release */,
			);
			defaultConfigurationIsVisible = 0;
			defaultConfigurationName = Release;
		};
		323B5780210AB7F800AF403C /* Build configuration list for PBXNativeTarget "TPCommonTools-SwiftTests" */ = {
			isa = XCConfigurationList;
			buildConfigurations = (
				323B5781210AB7F800AF403C /* Debug */,
				323B5782210AB7F800AF403C /* Release */,
			);
			defaultConfigurationIsVisible = 0;
			defaultConfigurationName = Release;
		};
		323B5783210AB7F800AF403C /* Build configuration list for PBXNativeTarget "TPCommonTools-SwiftUITests" */ = {
			isa = XCConfigurationList;
			buildConfigurations = (
				323B5784210AB7F800AF403C /* Debug */,
				323B5785210AB7F800AF403C /* Release */,
			);
			defaultConfigurationIsVisible = 0;
			defaultConfigurationName = Release;
		};
/* End XCConfigurationList section */
	};
	rootObject = 323B574D210AB7F300AF403C /* Project object */;
}
